
Microsoft Visual Studio Solution File, Format Version 12.00
# Visual Studio 15
VisualStudioVersion = 15.0.28307.329
MinimumVisualStudioVersion = 10.0.40219.1
Project("{FAE04EC0-301F-11D3-BF4B-00C04F79EFBC}") = "Number", "Number\Number.csproj", "{5BFEDE41-CB4C-4AA4-8C5A-32CB5532438F}"
EndProject
Global
	GlobalSection(SolutionConfigurationPlatforms) = preSolution
		Debug|Any CPU = Debug|Any CPU
		Release|Any CPU = Release|Any CPU
	EndGlobalSection
	GlobalSection(ProjectConfigurationPlatforms) = postSolution
		{5BFEDE41-CB4C-4AA4-8C5A-32CB5532438F}.Debug|Any CPU.ActiveCfg = Debug|Any CPU
		{5BFEDE41-CB4C-4AA4-8C5A-32CB5532438F}.Debug|Any CPU.Build.0 = Debug|Any CPU
		{5BFEDE41-CB4C-4AA4-8C5A-32CB5532438F}.Release|Any CPU.ActiveCfg = Release|Any CPU
		{5BFEDE41-CB4C-4AA4-8C5A-32CB5532438F}.Release|Any CPU.Build.0 = Release|Any CPU
	EndGlobalSection
	GlobalSection(SolutionProperties) = preSolution
		HideSolutionNode = FALSE
	EndGlobalSection
	GlobalSection(ExtensibilityGlobals) = postSolution
		SolutionGuid = {DE7141B5-61FE-48F2-82D4-97849A1B4260}
	EndGlobalSection
EndGlobal
